Microsoft Visual Studio Solution File, Format Version 12.00
# Visual Studio Version 17
VisualStudioVersion = 17.5.2.0
MinimumVisualStudioVersion = 10.0.40219.1
Project("{FAE04EC0-301F-11D3-BF4B-00C04F79EFBC}") = "smart-homework-tracker", "smart-homework-tracker.csproj", "{341832EE-1260-C613-907B-F995702E62B1}"
EndProject
Global
	GlobalSection(SolutionConfigurationPlatforms) = preSolution
		Debug|Any CPU = Debug|Any CPU
		Release|Any CPU = Release|Any CPU
	EndGlobalSection
	GlobalSection(ProjectConfigurationPlatforms) = postSolution
		{341832EE-1260-C613-907B-F995702E62B1}.Debug|Any CPU.ActiveCfg = Debug|Any CPU
		{341832EE-1260-C613-907B-F995702E62B1}.Debug|Any CPU.Build.0 = Debug|Any CPU
		{341832EE-1260-C613-907B-F995702E62B1}.Release|Any CPU.ActiveCfg = Release|Any CPU
		{341832EE-1260-C613-907B-F995702E62B1}.Release|Any CPU.Build.0 = Release|Any CPU
	EndGlobalSection
	GlobalSection(SolutionProperties) = preSolution
		HideSolutionNode = FALSE
	EndGlobalSection
	GlobalSection(ExtensibilityGlobals) = postSolution
		SolutionGuid = {F3C32DE1-C2AE-4EB1-BD5E-41F3D27B7C67}
	EndGlobalSection
EndGlobal
